<Solution>
  <Folder Name="/src/">
    <Project Path="src/ArquitecturaBase.Api/ArquitecturaBase.Api.csproj" />
    <Project Path="src/ArquitecturaBase.AppHost/ArquitecturaBase.AppHost.csproj" />
    <Project Path="src/ArquitecturaBase.Application/ArquitecturaBase.Application.csproj" />
    <Project Path="src/ArquitecturaBase.Domain/ArquitecturaBase.Domain.csproj" />
    <Project Path="src/ArquitecturaBase.Infrastructure/ArquitecturaBase.Infrastructure.csproj" />
    <Project Path="src/ArquitecturaBase.ServiceDefaults/ArquitecturaBase.ServiceDefaults.csproj" />
  </Folder>
  <Folder Name="/tests/">
    <Project Path="tests/ArquitecturaBase.Application.UnitTests/ArquitecturaBase.Application.UnitTests.csproj" />
    <Project Path="tests/ArquitecturaBase.ArchitectureTests/ArquitecturaBase.ArchitectureTests.csproj" />
    <Project Path="tests/ArquitecturaBase.Domain.UnitTests/ArquitecturaBase.Domain.UnitTests.csproj" />
  </Folder>
</Solution>
